
Microsoft Visual Studio Solution File, Format Version 12.00
# Visual Studio Version 17
VisualStudioVersion = 17.11.35222.181
MinimumVisualStudioVersion = 10.0.40219.1
Project("{FAE04EC0-301F-11D3-BF4B-00C04F79EFBC}") = "ProsesTask", "ProsesTask\ProsesTask.csproj", "{BB26B665-ADA2-4547-B1B2-61A8E7481E59}"
EndProject
Global
	GlobalSection(SolutionConfigurationPlatforms) = preSolution
		Debug|Any CPU = Debug|Any CPU
		Release|Any CPU = Release|Any CPU
	EndGlobalSection
	GlobalSection(ProjectConfigurationPlatforms) = postSolution
		{BB26B665-ADA2-4547-B1B2-61A8E7481E59}.Debug|Any CPU.ActiveCfg = Debug|Any CPU
		{BB26B665-ADA2-4547-B1B2-61A8E7481E59}.Debug|Any CPU.Build.0 = Debug|Any CPU
		{BB26B665-ADA2-4547-B1B2-61A8E7481E59}.Release|Any CPU.ActiveCfg = Release|Any CPU
		{BB26B665-ADA2-4547-B1B2-61A8E7481E59}.Release|Any CPU.Build.0 = Release|Any CPU
	EndGlobalSection
	GlobalSection(SolutionProperties) = preSolution
		HideSolutionNode = FALSE
	EndGlobalSection
	GlobalSection(ExtensibilityGlobals) = postSolution
		SolutionGuid = {0D259F20-08D3-4202-9C30-EDD9A9CA322E}
	EndGlobalSection
EndGlobal
